
Microsoft Visual Studio Solution File, Format Version 12.00
# Visual Studio Version 16
VisualStudioVersion = 16.0.31729.503
MinimumVisualStudioVersion = 10.0.40219.1
Project("{FAE04EC0-301F-11D3-BF4B-00C04F79EFBC}") = "DeployFilesToTargetFolder", "DeployFilesToTargetFolder\DeployFilesToTargetFolder.csproj", "{7E231FA7-8A70-472C-A1D4-BA370135D333}"
EndProject
Global
	GlobalSection(SolutionConfigurationPlatforms) = preSolution
		Debug|Any CPU = Debug|Any CPU
		Release|Any CPU = Release|Any CPU
	EndGlobalSection
	GlobalSection(ProjectConfigurationPlatforms) = postSolution
		{7E231FA7-8A70-472C-A1D4-BA370135D333}.Debug|Any CPU.ActiveCfg = Debug|Any CPU
		{7E231FA7-8A70-472C-A1D4-BA370135D333}.Debug|Any CPU.Build.0 = Debug|Any CPU
		{7E231FA7-8A70-472C-A1D4-BA370135D333}.Release|Any CPU.ActiveCfg = Release|Any CPU
		{7E231FA7-8A70-472C-A1D4-BA370135D333}.Release|Any CPU.Build.0 = Release|Any CPU
	EndGlobalSection
	GlobalSection(SolutionProperties) = preSolution
		HideSolutionNode = FALSE
	EndGlobalSection
	GlobalSection(ExtensibilityGlobals) = postSolution
		SolutionGuid = {65914653-F022-4D5B-990D-4C562C2C9075}
	EndGlobalSection
EndGlobal
